
Microsoft Visual Studio Solution File, Format Version 12.00
# Visual Studio Version 17
VisualStudioVersion = 17.5.33414.496
MinimumVisualStudioVersion = 10.0.40219.1
Project("{FAE04EC0-301F-11D3-BF4B-00C04F79EFBC}") = "NET7-WebAPI", "NET7-WebAPI.csproj", "{34CB01FD-63E1-4D5C-B39F-214AFBCB6301}"
EndProject
Global
	GlobalSection(SolutionConfigurationPlatforms) = preSolution
		Debug|Any CPU = Debug|Any CPU
		Release|Any CPU = Release|Any CPU
	EndGlobalSection
	GlobalSection(ProjectConfigurationPlatforms) = postSolution
		{34CB01FD-63E1-4D5C-B39F-214AFBCB6301}.Debug|Any CPU.ActiveCfg = Debug|Any CPU
		{34CB01FD-63E1-4D5C-B39F-214AFBCB6301}.Debug|Any CPU.Build.0 = Debug|Any CPU
		{34CB01FD-63E1-4D5C-B39F-214AFBCB6301}.Release|Any CPU.ActiveCfg = Release|Any CPU
		{34CB01FD-63E1-4D5C-B39F-214AFBCB6301}.Release|Any CPU.Build.0 = Release|Any CPU
	EndGlobalSection
	GlobalSection(SolutionProperties) = preSolution
		HideSolutionNode = FALSE
	EndGlobalSection
	GlobalSection(ExtensibilityGlobals) = postSolution
		SolutionGuid = {6650047B-871C-4FC2-9021-F0D43E46EE91}
	EndGlobalSection
EndGlobal
